
Microsoft Visual Studio Solution File, Format Version 12.00
# Visual Studio Version 17
VisualStudioVersion = 17.14.36623.8 d17.14
MinimumVisualStudioVersion = 10.0.40219.1
Project("{FAE04EC0-301F-11D3-BF4B-00C04F79EFBC}") = "PcCam_x64", "PcCam_x64.csproj", "{DB32332D-9AE8-4319-B4AE-FC1E852DC055}"
EndProject
Project("{FAE04EC0-301F-11D3-BF4B-00C04F79EFBC}") = "PccAuthClinet", "..\PccAuthClinet\PccAuthClinet.csproj", "{2CC24347-B432-BBEC-19EB-E96997C47EDF}"
EndProject
Global
	GlobalSection(SolutionConfigurationPlatforms) = preSolution
		Debug|Any CPU = Debug|Any CPU
		Release|Any CPU = Release|Any CPU
	EndGlobalSection
	GlobalSection(ProjectConfigurationPlatforms) = postSolution
		{DB32332D-9AE8-4319-B4AE-FC1E852DC055}.Debug|Any CPU.ActiveCfg = Debug|Any CPU
		{DB32332D-9AE8-4319-B4AE-FC1E852DC055}.Debug|Any CPU.Build.0 = Debug|Any CPU
		{DB32332D-9AE8-4319-B4AE-FC1E852DC055}.Release|Any CPU.ActiveCfg = Release|Any CPU
		{DB32332D-9AE8-4319-B4AE-FC1E852DC055}.Release|Any CPU.Build.0 = Release|Any CPU
		{2CC24347-B432-BBEC-19EB-E96997C47EDF}.Debug|Any CPU.ActiveCfg = Debug|Any CPU
		{2CC24347-B432-BBEC-19EB-E96997C47EDF}.Debug|Any CPU.Build.0 = Debug|Any CPU
		{2CC24347-B432-BBEC-19EB-E96997C47EDF}.Release|Any CPU.ActiveCfg = Release|Any CPU
		{2CC24347-B432-BBEC-19EB-E96997C47EDF}.Release|Any CPU.Build.0 = Release|Any CPU
	EndGlobalSection
	GlobalSection(SolutionProperties) = preSolution
		HideSolutionNode = FALSE
	EndGlobalSection
	GlobalSection(ExtensibilityGlobals) = postSolution
		SolutionGuid = {7855E192-0A94-45EB-82F7-0A59CD91DA54}
	EndGlobalSection
EndGlobal
